Microsoft Visual Studio Solution File, Format Version 11.00
# Visual Studio 2008

Project("{F9896FF8-0902-25EE-621E-49F4C55F186C}") = "3DCubeMaze", "Assembly-CSharp-firstpass-vs.csproj", "{2A1587D3-3C81-628A-49CA-7B7415F5254D}"
EndProject
Project("{F9896FF8-0902-25EE-621E-49F4C55F186C}") = "3DCubeMaze", "Assembly-CSharp-vs.csproj", "{50683384-A083-B97B-19E4-3303B5D71E41}"
EndProject
Project("{F9896FF8-0902-25EE-621E-49F4C55F186C}") = "3DCubeMaze", "Assembly-CSharp-Editor-vs.csproj", "{A054C310-33A4-FEEC-AC93-2D7ED4FF5CCF}"
EndProject
Global
	GlobalSection(SolutionConfigurationPlatforms) = preSolution
		Debug|Any CPU = Debug|Any CPU
		Release|Any CPU = Release|Any CPU
	EndGlobalSection
	GlobalSection(ProjectConfigurationPlatforms) = postSolution
		{2A1587D3-3C81-628A-49CA-7B7415F5254D}.Debug|Any CPU.ActiveCfg = Debug|Any CPU
		{2A1587D3-3C81-628A-49CA-7B7415F5254D}.Debug|Any CPU.Build.0 = Debug|Any CPU
		{2A1587D3-3C81-628A-49CA-7B7415F5254D}.Release|Any CPU.ActiveCfg = Release|Any CPU
		{2A1587D3-3C81-628A-49CA-7B7415F5254D}.Release|Any CPU.Build.0 = Release|Any CPU
		{50683384-A083-B97B-19E4-3303B5D71E41}.Debug|Any CPU.ActiveCfg = Debug|Any CPU
		{50683384-A083-B97B-19E4-3303B5D71E41}.Debug|Any CPU.Build.0 = Debug|Any CPU
		{50683384-A083-B97B-19E4-3303B5D71E41}.Release|Any CPU.ActiveCfg = Release|Any CPU
		{50683384-A083-B97B-19E4-3303B5D71E41}.Release|Any CPU.Build.0 = Release|Any CPU
		{A054C310-33A4-FEEC-AC93-2D7ED4FF5CCF}.Debug|Any CPU.ActiveCfg = Debug|Any CPU
		{A054C310-33A4-FEEC-AC93-2D7ED4FF5CCF}.Debug|Any CPU.Build.0 = Debug|Any CPU
		{A054C310-33A4-FEEC-AC93-2D7ED4FF5CCF}.Release|Any CPU.ActiveCfg = Release|Any CPU
		{A054C310-33A4-FEEC-AC93-2D7ED4FF5CCF}.Release|Any CPU.Build.0 = Release|Any CPU
	EndGlobalSection
	GlobalSection(SolutionProperties) = preSolution
		HideSolutionNode = FALSE
	EndGlobalSection
																																						GlobalSection(MonoDevelopProperties) = preSolution
		StartupItem = Assembly-CSharp.csproj
		Policies = $0
		$0.TextStylePolicy = $1
		$1.inheritsSet = null
		$1.scope = text/x-csharp
		$0.CSharpFormattingPolicy = $2
		$2.inheritsSet = Mono
		$2.inheritsScope = text/x-csharp
		$2.scope = text/x-csharp
		$0.TextStylePolicy = $3
		$3.FileWidth = 120
		$3.TabWidth = 4
		$3.EolMarker = Unix
		$3.inheritsSet = Mono
		$3.inheritsScope = text/plain
		$3.scope = text/plain
	EndGlobalSection

EndGlobal
